
Microsoft Visual Studio Solution File, Format Version 12.00
# Visual Studio Version 17
VisualStudioVersion = 17.5.33424.131
MinimumVisualStudioVersion = 10.0.40219.1
Project("{FAE04EC0-301F-11D3-BF4B-00C04F79EFBC}") = "WpfApp1", "WpfApp1.csproj", "{F4D4ED77-50F7-407E-A428-92645E3C54CE}"
EndProject
Project("{2150E333-8FDC-42A3-9474-1A3956D46DE8}") = "Formularios", "Formularios", "{3950FDB0-62F3-40E5-ADBA-5C1F1C98B3D9}"
	ProjectSection(SolutionItems) = preProject
		Bitmap1.bmp = Bitmap1.bmp
		Class1.cs = Class1.cs
		Class1.vb = Class1.vb
		Cursor1.cur = Cursor1.cur
		File1.fs = File1.fs
		HTMLPage2.html = HTMLPage2.html
		ResTempl1.rct = ResTempl1.rct
		RuleSet1.ruleset = RuleSet1.ruleset
		Script1.fsx = Script1.fsx
		Script1.js = Script1.js
		SqlQuery_1.sql = SqlQuery_1.sql
		StyleSheet1.css = StyleSheet1.css
		TextFile1.txt = TextFile1.txt
		XMLFile1.xml = XMLFile1.xml
		XMLSchema1.xsd = XMLSchema1.xsd
		XSLTFile1.xslt = XSLTFile1.xslt
		Ícone1.ico = Ícone1.ico
	EndProjectSection
EndProject
Global
	GlobalSection(SolutionConfigurationPlatforms) = preSolution
		Debug|Any CPU = Debug|Any CPU
		Release|Any CPU = Release|Any CPU
	EndGlobalSection
	GlobalSection(ProjectConfigurationPlatforms) = postSolution
		{F4D4ED77-50F7-407E-A428-92645E3C54CE}.Debug|Any CPU.ActiveCfg = Debug|Any CPU
		{F4D4ED77-50F7-407E-A428-92645E3C54CE}.Debug|Any CPU.Build.0 = Debug|Any CPU
		{F4D4ED77-50F7-407E-A428-92645E3C54CE}.Release|Any CPU.ActiveCfg = Release|Any CPU
		{F4D4ED77-50F7-407E-A428-92645E3C54CE}.Release|Any CPU.Build.0 = Release|Any CPU
	EndGlobalSection
	GlobalSection(SolutionProperties) = preSolution
		HideSolutionNode = FALSE
	EndGlobalSection
	GlobalSection(ExtensibilityGlobals) = postSolution
		SolutionGuid = {F9CFE9E2-89D9-4ADD-BA41-33805B458CA9}
	EndGlobalSection
EndGlobal
